
Microsoft Visual Studio Solution File, Format Version 12.00
# Visual Studio Version 16
VisualStudioVersion = 16.0.31313.79
MinimumVisualStudioVersion = 10.0.40219.1
Project("{FAE04EC0-301F-11D3-BF4B-00C04F79EFBC}") = "FinalProject_OnlineShop", "FinalProject_OnlineShop\FinalProject_OnlineShop.csproj", "{CFF2BC54-9DDE-4750-BAE3-6DD40EF49DF4}"
EndProject
Project("{FAE04EC0-301F-11D3-BF4B-00C04F79EFBC}") = "FinalProject_OnlineShop_Models", "FinalProject_OnlineShop_Models\FinalProject_OnlineShop_Models.csproj", "{DF2BE5AD-A4AA-4CDE-BDCE-142980955A86}"
EndProject
Project("{FAE04EC0-301F-11D3-BF4B-00C04F79EFBC}") = "FinalProject_OnlineShop_DAL", "FinalProject_OnlineShop_DAL\FinalProject_OnlineShop_DAL.csproj", "{8DB403E8-A366-4F16-A45B-1BCC5186E8B2}"
EndProject
Project("{FAE04EC0-301F-11D3-BF4B-00C04F79EFBC}") = "FinalProject_OnlineShop_BLL", "FinalProject_OnlineShop_BLL\FinalProject_OnlineShop_BLL.csproj", "{A0BC4ACE-6D0F-4867-AB70-8B993C1056A6}"
EndProject
Global
	GlobalSection(SolutionConfigurationPlatforms) = preSolution
		Debug|Any CPU = Debug|Any CPU
		Release|Any CPU = Release|Any CPU
	EndGlobalSection
	GlobalSection(ProjectConfigurationPlatforms) = postSolution
		{CFF2BC54-9DDE-4750-BAE3-6DD40EF49DF4}.Debug|Any CPU.ActiveCfg = Debug|Any CPU
		{CFF2BC54-9DDE-4750-BAE3-6DD40EF49DF4}.Debug|Any CPU.Build.0 = Debug|Any CPU
		{CFF2BC54-9DDE-4750-BAE3-6DD40EF49DF4}.Release|Any CPU.ActiveCfg = Release|Any CPU
		{CFF2BC54-9DDE-4750-BAE3-6DD40EF49DF4}.Release|Any CPU.Build.0 = Release|Any CPU
		{DF2BE5AD-A4AA-4CDE-BDCE-142980955A86}.Debug|Any CPU.ActiveCfg = Debug|Any CPU
		{DF2BE5AD-A4AA-4CDE-BDCE-142980955A86}.Debug|Any CPU.Build.0 = Debug|Any CPU
		{DF2BE5AD-A4AA-4CDE-BDCE-142980955A86}.Release|Any CPU.ActiveCfg = Release|Any CPU
		{DF2BE5AD-A4AA-4CDE-BDCE-142980955A86}.Release|Any CPU.Build.0 = Release|Any CPU
		{8DB403E8-A366-4F16-A45B-1BCC5186E8B2}.Debug|Any CPU.ActiveCfg = Debug|Any CPU
		{8DB403E8-A366-4F16-A45B-1BCC5186E8B2}.Debug|Any CPU.Build.0 = Debug|Any CPU
		{8DB403E8-A366-4F16-A45B-1BCC5186E8B2}.Release|Any CPU.ActiveCfg = Release|Any CPU
		{8DB403E8-A366-4F16-A45B-1BCC5186E8B2}.Release|Any CPU.Build.0 = Release|Any CPU
		{A0BC4ACE-6D0F-4867-AB70-8B993C1056A6}.Debug|Any CPU.ActiveCfg = Debug|Any CPU
		{A0BC4ACE-6D0F-4867-AB70-8B993C1056A6}.Debug|Any CPU.Build.0 = Debug|Any CPU
		{A0BC4ACE-6D0F-4867-AB70-8B993C1056A6}.Release|Any CPU.ActiveCfg = Release|Any CPU
		{A0BC4ACE-6D0F-4867-AB70-8B993C1056A6}.Release|Any CPU.Build.0 = Release|Any CPU
	EndGlobalSection
	GlobalSection(SolutionProperties) = preSolution
		HideSolutionNode = FALSE
	EndGlobalSection
	GlobalSection(ExtensibilityGlobals) = postSolution
		SolutionGuid = {CD8DD651-9831-4D29-81E2-64726E50C054}
	EndGlobalSection
EndGlobal
